
Microsoft Visual Studio Solution File, Format Version 12.00
# Visual Studio Version 16
VisualStudioVersion = 16.0.29709.97
MinimumVisualStudioVersion = 10.0.40219.1
Project("{FAE04EC0-301F-11D3-BF4B-00C04F79EFBC}") = "Capstone.Web", "Capstone.Web\Capstone.Web.csproj", "{BB97C44B-EEE4-4EFA-A5FB-918F3B7A92DD}"
EndProject
Project("{FAE04EC0-301F-11D3-BF4B-00C04F79EFBC}") = "DBModel", "DBModel\DBModel.csproj", "{62E5C29E-B6B0-4628-BA7C-23BA03851528}"
EndProject
Project("{FAE04EC0-301F-11D3-BF4B-00C04F79EFBC}") = "Common", "Common\Common.csproj", "{B11E807D-01D1-4405-84AB-511EA2EF4FAB}"
EndProject
Project("{FAE04EC0-301F-11D3-BF4B-00C04F79EFBC}") = "Capstone.Business", "Capstone.Business\Capstone.Business.csproj", "{10EF656E-F21D-41A5-83E5-31072FB2F4FA}"
EndProject
Project("{9A19103F-16F7-4668-BE54-9A1E7A4F7556}") = "WebScraper", "..\..\..\Desktop\WebScraper\WebScraper.csproj", "{DFAD6988-4040-4D98-ADD6-6594365E1C23}"
EndProject
Global
	GlobalSection(SolutionConfigurationPlatforms) = preSolution
		Debug|Any CPU = Debug|Any CPU
		Release|Any CPU = Release|Any CPU
	EndGlobalSection
	GlobalSection(ProjectConfigurationPlatforms) = postSolution
		{BB97C44B-EEE4-4EFA-A5FB-918F3B7A92DD}.Debug|Any CPU.ActiveCfg = Debug|Any CPU
		{BB97C44B-EEE4-4EFA-A5FB-918F3B7A92DD}.Debug|Any CPU.Build.0 = Debug|Any CPU
		{BB97C44B-EEE4-4EFA-A5FB-918F3B7A92DD}.Release|Any CPU.ActiveCfg = Release|Any CPU
		{BB97C44B-EEE4-4EFA-A5FB-918F3B7A92DD}.Release|Any CPU.Build.0 = Release|Any CPU
		{62E5C29E-B6B0-4628-BA7C-23BA03851528}.Debug|Any CPU.ActiveCfg = Debug|Any CPU
		{62E5C29E-B6B0-4628-BA7C-23BA03851528}.Debug|Any CPU.Build.0 = Debug|Any CPU
		{62E5C29E-B6B0-4628-BA7C-23BA03851528}.Release|Any CPU.ActiveCfg = Release|Any CPU
		{62E5C29E-B6B0-4628-BA7C-23BA03851528}.Release|Any CPU.Build.0 = Release|Any CPU
		{B11E807D-01D1-4405-84AB-511EA2EF4FAB}.Debug|Any CPU.ActiveCfg = Debug|Any CPU
		{B11E807D-01D1-4405-84AB-511EA2EF4FAB}.Debug|Any CPU.Build.0 = Debug|Any CPU
		{B11E807D-01D1-4405-84AB-511EA2EF4FAB}.Release|Any CPU.ActiveCfg = Release|Any CPU
		{B11E807D-01D1-4405-84AB-511EA2EF4FAB}.Release|Any CPU.Build.0 = Release|Any CPU
		{10EF656E-F21D-41A5-83E5-31072FB2F4FA}.Debug|Any CPU.ActiveCfg = Debug|Any CPU
		{10EF656E-F21D-41A5-83E5-31072FB2F4FA}.Debug|Any CPU.Build.0 = Debug|Any CPU
		{10EF656E-F21D-41A5-83E5-31072FB2F4FA}.Release|Any CPU.ActiveCfg = Release|Any CPU
		{10EF656E-F21D-41A5-83E5-31072FB2F4FA}.Release|Any CPU.Build.0 = Release|Any CPU
		{DFAD6988-4040-4D98-ADD6-6594365E1C23}.Debug|Any CPU.ActiveCfg = Debug|Any CPU
		{DFAD6988-4040-4D98-ADD6-6594365E1C23}.Debug|Any CPU.Build.0 = Debug|Any CPU
		{DFAD6988-4040-4D98-ADD6-6594365E1C23}.Release|Any CPU.ActiveCfg = Release|Any CPU
		{DFAD6988-4040-4D98-ADD6-6594365E1C23}.Release|Any CPU.Build.0 = Release|Any CPU
	EndGlobalSection
	GlobalSection(SolutionProperties) = preSolution
		HideSolutionNode = FALSE
	EndGlobalSection
	GlobalSection(ExtensibilityGlobals) = postSolution
		SolutionGuid = {7B402406-60A3-47D7-A63F-63EC88A04FB8}
	EndGlobalSection
EndGlobal
